
Microsoft Visual Studio Solution File, Format Version 12.00
# Visual Studio Version 16
VisualStudioVersion = 16.0.31005.135
MinimumVisualStudioVersion = 10.0.40219.1
Project("{FAE04EC0-301F-11D3-BF4B-00C04F79EFBC}") = "Operacoes_Matematicas", "Operacoes_Matematicas\Operacoes_Matematicas.csproj", "{5FA8F860-0A89-4E0F-953B-A47CADFE1FDE}"
EndProject
Global
	GlobalSection(SolutionConfigurationPlatforms) = preSolution
		Debug|Any CPU = Debug|Any CPU
		Release|Any CPU = Release|Any CPU
	EndGlobalSection
	GlobalSection(ProjectConfigurationPlatforms) = postSolution
		{5FA8F860-0A89-4E0F-953B-A47CADFE1FDE}.Debug|Any CPU.ActiveCfg = Debug|Any CPU
		{5FA8F860-0A89-4E0F-953B-A47CADFE1FDE}.Debug|Any CPU.Build.0 = Debug|Any CPU
		{5FA8F860-0A89-4E0F-953B-A47CADFE1FDE}.Release|Any CPU.ActiveCfg = Release|Any CPU
		{5FA8F860-0A89-4E0F-953B-A47CADFE1FDE}.Release|Any CPU.Build.0 = Release|Any CPU
	EndGlobalSection
	GlobalSection(SolutionProperties) = preSolution
		HideSolutionNode = FALSE
	EndGlobalSection
	GlobalSection(ExtensibilityGlobals) = postSolution
		SolutionGuid = {79380F4B-9D19-49E6-A1F1-D1519AE3A182}
	EndGlobalSection
EndGlobal
